
Microsoft Visual Studio Solution File, Format Version 12.00
# Visual Studio Version 16
VisualStudioVersion = 16.0.30320.27
MinimumVisualStudioVersion = 10.0.40219.1
Project("{FAE04EC0-301F-11D3-BF4B-00C04F79EFBC}") = "PingPong", "PingPong\PingPong.csproj", "{22594EB6-8382-405A-ACBD-0C37FFA7EC97}"
EndProject
Global
	GlobalSection(SolutionConfigurationPlatforms) = preSolution
		Debug|Any CPU = Debug|Any CPU
		Release|Any CPU = Release|Any CPU
	EndGlobalSection
	GlobalSection(ProjectConfigurationPlatforms) = postSolution
		{22594EB6-8382-405A-ACBD-0C37FFA7EC97}.Debug|Any CPU.ActiveCfg = Debug|Any CPU
		{22594EB6-8382-405A-ACBD-0C37FFA7EC97}.Debug|Any CPU.Build.0 = Debug|Any CPU
		{22594EB6-8382-405A-ACBD-0C37FFA7EC97}.Release|Any CPU.ActiveCfg = Release|Any CPU
		{22594EB6-8382-405A-ACBD-0C37FFA7EC97}.Release|Any CPU.Build.0 = Release|Any CPU
	EndGlobalSection
	GlobalSection(SolutionProperties) = preSolution
		HideSolutionNode = FALSE
	EndGlobalSection
	GlobalSection(ExtensibilityGlobals) = postSolution
		SolutionGuid = {9262B9CC-D84D-4C8C-BA7B-E473638203BE}
	EndGlobalSection
EndGlobal
